
Microsoft Visual Studio Solution File, Format Version 12.00
# Visual Studio Version 17
VisualStudioVersion = 17.7.34024.191
MinimumVisualStudioVersion = 10.0.40219.1
Project("{FAE04EC0-301F-11D3-BF4B-00C04F79EFBC}") = "PurpleCaliburnAdmin", "PurpleCaliburnAdmin\PurpleCaliburnAdmin.csproj", "{585EAD76-BA3C-446D-A084-290C1F7815C7}"
EndProject
Project("{FAE04EC0-301F-11D3-BF4B-00C04F79EFBC}") = "PurpleCaliburnAdmin.Data", "PurpleCaliburnAdmin.Data\PurpleCaliburnAdmin.Data.csproj", "{7718C036-D565-4A8E-A167-EEFD52D729D7}"
EndProject
Global
	GlobalSection(SolutionConfigurationPlatforms) = preSolution
		Debug|Any CPU = Debug|Any CPU
		Release|Any CPU = Release|Any CPU
	EndGlobalSection
	GlobalSection(ProjectConfigurationPlatforms) = postSolution
		{585EAD76-BA3C-446D-A084-290C1F7815C7}.Debug|Any CPU.ActiveCfg = Debug|Any CPU
		{585EAD76-BA3C-446D-A084-290C1F7815C7}.Debug|Any CPU.Build.0 = Debug|Any CPU
		{585EAD76-BA3C-446D-A084-290C1F7815C7}.Release|Any CPU.ActiveCfg = Release|Any CPU
		{585EAD76-BA3C-446D-A084-290C1F7815C7}.Release|Any CPU.Build.0 = Release|Any CPU
		{7718C036-D565-4A8E-A167-EEFD52D729D7}.Debug|Any CPU.ActiveCfg = Debug|Any CPU
		{7718C036-D565-4A8E-A167-EEFD52D729D7}.Debug|Any CPU.Build.0 = Debug|Any CPU
		{7718C036-D565-4A8E-A167-EEFD52D729D7}.Release|Any CPU.ActiveCfg = Release|Any CPU
		{7718C036-D565-4A8E-A167-EEFD52D729D7}.Release|Any CPU.Build.0 = Release|Any CPU
	EndGlobalSection
	GlobalSection(SolutionProperties) = preSolution
		HideSolutionNode = FALSE
	EndGlobalSection
	GlobalSection(ExtensibilityGlobals) = postSolution
		SolutionGuid = {CD2B58E9-98D9-41BF-9CC1-E9C1F7A0A37C}
	EndGlobalSection
EndGlobal
